
Microsoft Visual Studio Solution File, Format Version 12.00
# Visual Studio Version 17
VisualStudioVersion = 17.1.32210.238
MinimumVisualStudioVersion = 10.0.40219.1
Project("{FAE04EC0-301F-11D3-BF4B-00C04F79EFBC}") = "TourPlanner.UI", "TourPlanner.UI\TourPlanner.UI.csproj", "{11CF875B-C237-43CD-B9FF-B1983404A078}"
EndProject
Project("{FAE04EC0-301F-11D3-BF4B-00C04F79EFBC}") = "TourPlanner.BL.API", "..\TourPlanner.BL.API\TourPlanner.BL.API.csproj", "{49B0E563-E226-44C5-8093-EF7E4E9ED67C}"
EndProject
Project("{FAE04EC0-301F-11D3-BF4B-00C04F79EFBC}") = "TourPlanner.DAL", "..\TourPlanner.DAL\TourPlanner.DAL.csproj", "{460E48EE-F3B6-43E3-AA5C-7DF9591D0F30}"
EndProject
Project("{FAE04EC0-301F-11D3-BF4B-00C04F79EFBC}") = "TourPlanner.Models", "..\TourPlanner.Models\TourPlanner.Models.csproj", "{4E9FEB2A-C23C-4A2E-BF6B-500CA31D0AF7}"
EndProject
Global
	GlobalSection(SolutionConfigurationPlatforms) = preSolution
		Debug|Any CPU = Debug|Any CPU
		Release|Any CPU = Release|Any CPU
	EndGlobalSection
	GlobalSection(ProjectConfigurationPlatforms) = postSolution
		{11CF875B-C237-43CD-B9FF-B1983404A078}.Debug|Any CPU.ActiveCfg = Debug|Any CPU
		{11CF875B-C237-43CD-B9FF-B1983404A078}.Debug|Any CPU.Build.0 = Debug|Any CPU
		{11CF875B-C237-43CD-B9FF-B1983404A078}.Release|Any CPU.ActiveCfg = Release|Any CPU
		{11CF875B-C237-43CD-B9FF-B1983404A078}.Release|Any CPU.Build.0 = Release|Any CPU
		{49B0E563-E226-44C5-8093-EF7E4E9ED67C}.Debug|Any CPU.ActiveCfg = Debug|Any CPU
		{49B0E563-E226-44C5-8093-EF7E4E9ED67C}.Debug|Any CPU.Build.0 = Debug|Any CPU
		{49B0E563-E226-44C5-8093-EF7E4E9ED67C}.Release|Any CPU.ActiveCfg = Release|Any CPU
		{49B0E563-E226-44C5-8093-EF7E4E9ED67C}.Release|Any CPU.Build.0 = Release|Any CPU
		{460E48EE-F3B6-43E3-AA5C-7DF9591D0F30}.Debug|Any CPU.ActiveCfg = Debug|Any CPU
		{460E48EE-F3B6-43E3-AA5C-7DF9591D0F30}.Debug|Any CPU.Build.0 = Debug|Any CPU
		{460E48EE-F3B6-43E3-AA5C-7DF9591D0F30}.Release|Any CPU.ActiveCfg = Release|Any CPU
		{460E48EE-F3B6-43E3-AA5C-7DF9591D0F30}.Release|Any CPU.Build.0 = Release|Any CPU
		{4E9FEB2A-C23C-4A2E-BF6B-500CA31D0AF7}.Debug|Any CPU.ActiveCfg = Debug|Any CPU
		{4E9FEB2A-C23C-4A2E-BF6B-500CA31D0AF7}.Debug|Any CPU.Build.0 = Debug|Any CPU
		{4E9FEB2A-C23C-4A2E-BF6B-500CA31D0AF7}.Release|Any CPU.ActiveCfg = Release|Any CPU
		{4E9FEB2A-C23C-4A2E-BF6B-500CA31D0AF7}.Release|Any CPU.Build.0 = Release|Any CPU
	EndGlobalSection
	GlobalSection(SolutionProperties) = preSolution
		HideSolutionNode = FALSE
	EndGlobalSection
	GlobalSection(ExtensibilityGlobals) = postSolution
		SolutionGuid = {7E7A94BD-AFF0-4D47-B8A5-8134A929F88E}
	EndGlobalSection
EndGlobal
